
Microsoft Visual Studio Solution File, Format Version 12.00
# Visual Studio Version 17
VisualStudioVersion = 17.13.35919.96 d17.13
MinimumVisualStudioVersion = 10.0.40219.1
Project("{FAE04EC0-301F-11D3-BF4B-00C04F79EFBC}") = "Control_Inventario_SEBDOM_SAS", "Control_Inventario_SEBDOM_SAS.csproj", "{AAAAA77E-DD80-4DAD-871D-36E2F4AE726F}"
EndProject
Global
	GlobalSection(SolutionConfigurationPlatforms) = preSolution
		Debug|Any CPU = Debug|Any CPU
		Release|Any CPU = Release|Any CPU
	EndGlobalSection
	GlobalSection(ProjectConfigurationPlatforms) = postSolution
		{AAAAA77E-DD80-4DAD-871D-36E2F4AE726F}.Debug|Any CPU.ActiveCfg = Debug|Any CPU
		{AAAAA77E-DD80-4DAD-871D-36E2F4AE726F}.Debug|Any CPU.Build.0 = Debug|Any CPU
		{AAAAA77E-DD80-4DAD-871D-36E2F4AE726F}.Release|Any CPU.ActiveCfg = Release|Any CPU
		{AAAAA77E-DD80-4DAD-871D-36E2F4AE726F}.Release|Any CPU.Build.0 = Release|Any CPU
	EndGlobalSection
	GlobalSection(SolutionProperties) = preSolution
		HideSolutionNode = FALSE
	EndGlobalSection
	GlobalSection(ExtensibilityGlobals) = postSolution
		SolutionGuid = {3C9D6CD7-79A8-47DD-8161-BFAA207AE66C}
	EndGlobalSection
EndGlobal
